Microsoft Visual Studio Solution File, Format Version 10.00
# Visual Studio 2008
Project("{FAE04EC0-301F-11D3-BF4B-00C04F79EFBC}") = "AppSecInc.LicensesCollector", "src\AppSecInc.LicensesCollector\AppSecInc.LicensesCollector.csproj", "{BF31E718-93AA-4D65-99A4-A68FCE3017D4}"
EndProject
Global
	GlobalSection(SolutionConfigurationPlatforms) = preSolution
		Debug|Any CPU = Debug|Any CPU
		Release|Any CPU = Release|Any CPU
	EndGlobalSection
	GlobalSection(ProjectConfigurationPlatforms) = postSolution
		{BF31E718-93AA-4D65-99A4-A68FCE3017D4}.Debug|Any CPU.ActiveCfg = Debug|Any CPU
		{BF31E718-93AA-4D65-99A4-A68FCE3017D4}.Debug|Any CPU.Build.0 = Debug|Any CPU
		{BF31E718-93AA-4D65-99A4-A68FCE3017D4}.Release|Any CPU.ActiveCfg = Release|Any CPU
		{BF31E718-93AA-4D65-99A4-A68FCE3017D4}.Release|Any CPU.Build.0 = Release|Any CPU
	EndGlobalSection
	GlobalSection(SolutionProperties) = preSolution
		HideSolutionNode = FALSE
	EndGlobalSection
EndGlobal
